
Microsoft Visual Studio Solution File, Format Version 12.00
# Visual Studio Version 16
VisualStudioVersion = 16.0.30621.155
MinimumVisualStudioVersion = 10.0.40219.1
Project("{FAE04EC0-301F-11D3-BF4B-00C04F79EFBC}") = "Tic-Tac-Toe", "Tic-Tac-Toe.csproj", "{2EF73211-CEEA-4F92-981B-15916A5CD28A}"
EndProject
Global
	GlobalSection(SolutionConfigurationPlatforms) = preSolution
		Debug|Any CPU = Debug|Any CPU
		Release|Any CPU = Release|Any CPU
	EndGlobalSection
	GlobalSection(ProjectConfigurationPlatforms) = postSolution
		{2EF73211-CEEA-4F92-981B-15916A5CD28A}.Debug|Any CPU.ActiveCfg = Debug|Any CPU
		{2EF73211-CEEA-4F92-981B-15916A5CD28A}.Debug|Any CPU.Build.0 = Debug|Any CPU
		{2EF73211-CEEA-4F92-981B-15916A5CD28A}.Release|Any CPU.ActiveCfg = Release|Any CPU
		{2EF73211-CEEA-4F92-981B-15916A5CD28A}.Release|Any CPU.Build.0 = Release|Any CPU
	EndGlobalSection
	GlobalSection(SolutionProperties) = preSolution
		HideSolutionNode = FALSE
	EndGlobalSection
	GlobalSection(ExtensibilityGlobals) = postSolution
		SolutionGuid = {22EDB7F4-C56E-4896-8A63-C1DBD14BB774}
	EndGlobalSection
EndGlobal
